// !$*UTF8*$!
{
	archiveVersion = 1;
	classes = {
	};
	objectVersion = 50;
	objects = {

/* Begin PBXBuildFile section */
		31573B6E228B36E3007D8AB9 /* AppDelegate.swift in Sources */ = {isa = PBXBuildFile; fileRef = 31573B6D228B36E3007D8AB9 /* AppDelegate.swift */; };
		31573B70228B36E3007D8AB9 /* ViewController.swift in Sources */ = {isa = PBXBuildFile; fileRef = 31573B6F228B36E3007D8AB9 /* ViewController.swift */; };
		31573B73228B36E3007D8AB9 /* Main.storyboard in Resources */ = {isa = PBXBuildFile; fileRef = 31573B71228B36E3007D8AB9 /* Main.storyboard */; };
		31573B75228B36E4007D8AB9 /* Assets.xcassets in Resources */ = {isa = PBXBuildFile; fileRef = 31573B74228B36E4007D8AB9 /* Assets.xcassets */; };
		31573B78228B36E4007D8AB9 /* LaunchScreen.storyboard in Resources */ = {isa = PBXBuildFile; fileRef = 31573B76228B36E4007D8AB9 /* LaunchScreen.storyboard */; };
		31BD3B23228B3D21006DEE8B /* Default-568h@2x.png in Resources */ = {isa = PBXBuildFile; fileRef = 31BD3B22228B3D21006DEE8B /* Default-568h@2x.png */; };
		31E0A4A5228B4B8F00FF8C6C /* WebKit.framework in Frameworks */ = {isa = PBXBuildFile; fileRef = 31E0A4A4228B4B8F00FF8C6C /* WebKit.framework */; };
/* End PBXBuildFile section */

/* Begin PBXFileReference section */
		31573B6A228B36E3007D8AB9 /* UI_Course8 (WebKit).app */ = {isa = PBXFileReference; explicitFileType = wrapper.application; includeInIndex = 0; path = "UI_Course8 (WebKit).app"; sourceTree = BUILT_PRODUCTS_DIR; };
		31573B6D228B36E3007D8AB9 /* AppDelegate.swift */ = {isa = PBXFileReference; lastKnownFileType = sourcecode.swift; path = AppDelegate.swift; sourceTree = "<group>"; };
		31573B6F228B36E3007D8AB9 /* ViewController.swift */ = {isa = PBXFileReference; lastKnownFileType = sourcecode.swift; path = ViewController.swift; sourceTree = "<group>"; };
		31573B72228B36E3007D8AB9 /* Base */ = {isa = PBXFileReference; lastKnownFileType = file.storyboard; name = Base; path = Base.lproj/Main.storyboard; sourceTree = "<group>"; };
		31573B74228B36E4007D8AB9 /* Assets.xcassets */ = {isa = PBXFileReference; lastKnownFileType = folder.assetcatalog; path = Assets.xcassets; sourceTree = "<group>"; };
		31573B77228B36E4007D8AB9 /* Base */ = {isa = PBXFileReference; lastKnownFileType = file.storyboard; name = Base; path = Base.lproj/LaunchScreen.storyboard; sourceTree = "<group>"; };
		31573B79228B36E4007D8AB9 /* Info.plist */ = {isa = PBXFileReference; lastKnownFileType = text.plist.xml; path = Info.plist; sourceTree = "<group>"; };
		31BD3B22228B3D21006DEE8B /* Default-568h@2x.png */ = {isa = PBXFileReference; lastKnownFileType = image.png; path = "Default-568h@2x.png"; sourceTree = "<group>"; };
		31E0A4A4228B4B8F00FF8C6C /* WebKit.framework */ = {isa = PBXFileReference; lastKnownFileType = wrapper.framework; name = WebKit.framework; path = System/Library/Frameworks/WebKit.framework; sourceTree = SDKROOT; };
/* End PBXFileReference section */

/* Begin PBXFrameworksBuildPhase section */
		31573B67228B36E3007D8AB9 /* Frameworks */ = {
			isa = PBXFrameworksBuildPhase;
			buildActionMask = 2147483647;
			files = (
				31E0A4A5228B4B8F00FF8C6C /* WebKit.framework in Frameworks */,
			);
			runOnlyForDeploymentPostprocessing = 0;
		};
/* End PBXFrameworksBuildPhase section */

/* Begin PBXGroup section */
		31573B61228B36E3007D8AB9 = {
			isa = PBXGroup;
			children = (
				31BD3B22228B3D21006DEE8B /* Default-568h@2x.png */,
				31573B6C228B36E3007D8AB9 /* UI_Course8 (WebKit) */,
				31573B6B228B36E3007D8AB9 /* Products */,
				31E0A4A3228B4B8E00FF8C6C /* Frameworks */,
			);
			sourceTree = "<group>";
		};
		31573B6B228B36E3007D8AB9 /* Products */ = {
			isa = PBXGroup;
			children = (
				31573B6A228B36E3007D8AB9 /* UI_Course8 (WebKit).app */,
			);
			name = Products;
			sourceTree = "<group>";
		};
		31573B6C228B36E3007D8AB9 /* UI_Course8 (WebKit) */ = {
			isa = PBXGroup;
			children = (
				31573B6D228B36E3007D8AB9 /* AppDelegate.swift */,
				31573B6F228B36E3007D8AB9 /* ViewController.swift */,
				31573B71228B36E3007D8AB9 /* Main.storyboard */,
				31573B74228B36E4007D8AB9 /* Assets.xcassets */,
				31573B76228B36E4007D8AB9 /* LaunchScreen.storyboard */,
				31573B79228B36E4007D8AB9 /* Info.plist */,
			);
			path = "UI_Course8 (WebKit)";
			sourceTree = "<group>";
		};
		31E0A4A3228B4B8E00FF8C6C /* Frameworks */ = {
			isa = PBXGroup;
			children = (
				31E0A4A4228B4B8F00FF8C6C /* WebKit.framework */,
			);
			name = Frameworks;
			sourceTree = "<group>";
		};
/* End PBXGroup section */

/* Begin PBXNativeTarget section */
		31573B69228B36E3007D8AB9 /* UI_Course8 (WebKit) */ = {
			isa = PBXNativeTarget;
			buildConfigurationList = 31573B7C228B36E4007D8AB9 /* Build configuration list for PBXNativeTarget "UI_Course8 (WebKit)" */;
			buildPhases = (
				31573B66228B36E3007D8AB9 /* Sources */,
				31573B67228B36E3007D8AB9 /* Frameworks */,
				31573B68228B36E3007D8AB9 /* Resources */,
			);
			buildRules = (
			);
			dependencies = (
			);
			name = "UI_Course8 (WebKit)";
			productName = "UI_Course7 (WebKit)";
			productReference = 31573B6A228B36E3007D8AB9 /* UI_Course8 (WebKit).app */;
			productType = "com.apple.product-type.application";
		};
/* End PBXNativeTarget section */

/* Begin PBXProject section */
		31573B62228B36E3007D8AB9 /* Project object */ = {
			isa = PBXProject;
			attributes = {
				LastSwiftUpdateCheck = 1020;
				LastUpgradeCheck = 1020;
				ORGANIZATIONNAME = "Aleksandr Tarasov";
				TargetAttributes = {
					31573B69228B36E3007D8AB9 = {
						CreatedOnToolsVersion = 10.2.1;
					};
				};
			};
			buildConfigurationList = 31573B65228B36E3007D8AB9 /* Build configuration list for PBXProject "UI_Course8 (WebKit)" */;
			compatibilityVersion = "Xcode 9.3";
			developmentRegion = en;
			hasScannedForEncodings = 0;
			knownRegions = (
				en,
				Base,
			);
			mainGroup = 31573B61228B36E3007D8AB9;
			productRefGroup = 31573B6B228B36E3007D8AB9 /* Products */;
			projectDirPath = "";
			projectRoot = "";
			targets = (
				31573B69228B36E3007D8AB9 /* UI_Course8 (WebKit) */,
			);
		};
/* End PBXProject section */

/* Begin PBXResourcesBuildPhase section */
		31573B68228B36E3007D8AB9 /* Resources */ = {
			isa = PBXResourcesBuildPhase;
			buildActionMask = 2147483647;
			files = (
				31573B78228B36E4007D8AB9 /* LaunchScreen.storyboard in Resources */,
				31BD3B23228B3D21006DEE8B /* Default-568h@2x.png in Resources */,
				31573B75228B36E4007D8AB9 /* Assets.xcassets in Resources */,
				31573B73228B36E3007D8AB9 /* Main.storyboard in Resources */,
			);
			runOnlyForDeploymentPostprocessing = 0;
		};
/* End PBXResourcesBuildPhase section */

/* Begin PBXSourcesBuildPhase section */
		31573B66228B36E3007D8AB9 /* Sources */ = {
			isa = PBXSourcesBuildPhase;
			buildActionMask = 2147483647;
			files = (
				31573B70228B36E3007D8AB9 /* ViewController.swift in Sources */,
				31573B6E228B36E3007D8AB9 /* AppDelegate.swift in Sources */,
			);
			runOnlyForDeploymentPostprocessing = 0;
		};
/* End PBXSourcesBuildPhase section */

/* Begin PBXVariantGroup section */
		31573B71228B36E3007D8AB9 /* Main.storyboard */ = {
			isa = PBXVariantGroup;
			children = (
				31573B72228B36E3007D8AB9 /* Base */,
			);
			name = Main.storyboard;
			sourceTree = "<group>";
		};
		31573B76228B36E4007D8AB9 /* LaunchScreen.storyboard */ = {
			isa = PBXVariantGroup;
			children = (
				31573B77228B36E4007D8AB9 /* Base */,
			);
			name = LaunchScreen.storyboard;
			sourceTree = "<group>";
		};
/* End PBXVariantGroup section */

/* Begin XCBuildConfiguration section */
		31573B7A228B36E4007D8AB9 /* Debug */ = {
			isa = XCBuildConfiguration;
			buildSettings = {
				ALWAYS_SEARCH_USER_PATHS = NO;
				CLANG_ANALYZER_NONNULL = YES;
				CLANG_ANALYZER_NUMBER_OBJECT_CONVERSION = YES_AGGRESSIVE;
				CLANG_CXX_LANGUAGE_STANDARD = "gnu++14";
				CLANG_CXX_LIBRARY = "libc++";
				CLANG_ENABLE_MODULES = YES;
				CLANG_ENABLE_OBJC_ARC = YES;
				CLANG_ENABLE_OBJC_WEAK = YES;
				CLANG_WARN_BLOCK_CAPTURE_AUTORELEASING = YES;
				CLANG_WARN_BOOL_CONVERSION = YES;
				CLANG_WARN_COMMA = YES;
				CLANG_WARN_CONSTANT_CONVERSION = YES;
				CLANG_WARN_DEPRECATED_OBJC_IMPLEMENTATIONS = YES;
				CLANG_WARN_DIRECT_OBJC_ISA_USAGE = YES_ERROR;
				CLANG_WARN_DOCUMENTATION_COMMENTS = YES;
				CLANG_WARN_EMPTY_BODY = YES;
				CLANG_WARN_ENUM_CONVERSION = YES;
				CLANG_WARN_INFINITE_RECURSION = YES;
				CLANG_WARN_INT_CONVERSION = YES;
				CLANG_WARN_NON_LITERAL_NULL_CONVERSION = YES;
				CLANG_WARN_OBJC_IMPLICIT_RETAIN_SELF = YES;
				CLANG_WARN_OBJC_LITERAL_CONVERSION = YES;
				CLANG_WARN_OBJC_ROOT_CLASS = YES_ERROR;
				CLANG_WARN_RANGE_LOOP_ANALYSIS = YES;
				CLANG_WARN_STRICT_PROTOTYPES = YES;
				CLANG_WARN_SUSPICIOUS_MOVE = YES;
				CLANG_WARN_UNGUARDED_AVAILABILITY = YES_AGGRESSIVE;
				CLANG_WARN_UNREACHABLE_CODE = YES;
				CLANG_WARN__DUPLICATE_METHOD_MATCH = YES;
				CODE_SIGN_IDENTITY = "iPhone Developer";
				COPY_PHASE_STRIP = NO;
				DEBUG_INFORMATION_FORMAT = dwarf;
				ENABLE_STRICT_OBJC_MSGSEND = YES;
				ENABLE_TESTABILITY = YES;
				GCC_C_LANGUAGE_STANDARD = gnu11;
				GCC_DYNAMIC_NO_PIC = NO;
				GCC_NO_COMMON_BLOCKS = YES;
				GCC_OPTIMIZATION_LEVEL = 0;
				GCC_PREPROCESSOR_DEFINITIONS = (
					"DEBUG=1",
					"$(inherited)",
				);
				GCC_WARN_64_TO_32_BIT_CONVERSION = YES;
				GCC_WARN_ABOUT_RETURN_TYPE = YES_ERROR;
				GCC_WARN_UNDECLARED_SELECTOR = YES;
				GCC_WARN_UNINITIALIZED_AUTOS = YES_AGGRESSIVE;
				GCC_WARN_UNUSED_FUNCTION = YES;
				GCC_WARN_UNUSED_VARIABLE = YES;
				INFOPLIST_FILE = "/Users/exzanimo/Documents/swift/projects/UI_Course8 (WebKit)/UI_Course8 (WebKit)/Info.plist";
				IPHONEOS_DEPLOYMENT_TARGET = 12.2;
				MTL_ENABLE_DEBUG_INFO = INCLUDE_SOURCE;
				MTL_FAST_MATH = YES;
				ONLY_ACTIVE_ARCH = YES;
				SDKROOT = iphoneos;
				SWIFT_ACTIVE_COMPILATION_CONDITIONS = DEBUG;
				SWIFT_OPTIMIZATION_LEVEL = "-Onone";
			};
			name = Debug;
		};
		31573B7B228B36E4007D8AB9 /* Release */ = {
			isa = XCBuildConfiguration;
			buildSettings = {
				ALWAYS_SEARCH_USER_PATHS = NO;
				CLANG_ANALYZER_NONNULL = YES;
				CLANG_ANALYZER_NUMBER_OBJECT_CONVERSION = YES_AGGRESSIVE;
				CLANG_CXX_LANGUAGE_STANDARD = "gnu++14";
				CLANG_CXX_LIBRARY = "libc++";
				CLANG_ENABLE_MODULES = YES;
				CLANG_ENABLE_OBJC_ARC = YES;
				CLANG_ENABLE_OBJC_WEAK = YES;
				CLANG_WARN_BLOCK_CAPTURE_AUTORELEASING = YES;
				CLANG_WARN_BOOL_CONVERSION = YES;
				CLANG_WARN_COMMA = YES;
				CLANG_WARN_CONSTANT_CONVERSION = YES;
				CLANG_WARN_DEPRECATED_OBJC_IMPLEMENTATIONS = YES;
				CLANG_WARN_DIRECT_OBJC_ISA_USAGE = YES_ERROR;
				CLANG_WARN_DOCUMENTATION_COMMENTS = YES;
				CLANG_WARN_EMPTY_BODY = YES;
				CLANG_WARN_ENUM_CONVERSION = YES;
				CLANG_WARN_INFINITE_RECURSION = YES;
				CLANG_WARN_INT_CONVERSION = YES;
				CLANG_WARN_NON_LITERAL_NULL_CONVERSION = YES;
				CLANG_WARN_OBJC_IMPLICIT_RETAIN_SELF = YES;
				CLANG_WARN_OBJC_LITERAL_CONVERSION = YES;
				CLANG_WARN_OBJC_ROOT_CLASS = YES_ERROR;
				CLANG_WARN_RANGE_LOOP_ANALYSIS = YES;
				CLANG_WARN_STRICT_PROTOTYPES = YES;
				CLANG_WARN_SUSPICIOUS_MOVE = YES;
				CLANG_WARN_UNGUARDED_AVAILABILITY = YES_AGGRESSIVE;
				CLANG_WARN_UNREACHABLE_CODE = YES;
				CLANG_WARN__DUPLICATE_METHOD_MATCH = YES;
				CODE_SIGN_IDENTITY = "iPhone Developer";
				COPY_PHASE_STRIP = NO;
				DEBUG_INFORMATION_FORMAT = "dwarf-with-dsym";
				ENABLE_NS_ASSERTIONS = NO;
				ENABLE_STRICT_OBJC_MSGSEND = YES;
				GCC_C_LANGUAGE_STANDARD = gnu11;
				GCC_NO_COMMON_BLOCKS = YES;
				GCC_WARN_64_TO_32_BIT_CONVERSION = YES;
				GCC_WARN_ABOUT_RETURN_TYPE = YES_ERROR;
				GCC_WARN_UNDECLARED_SELECTOR = YES;
				GCC_WARN_UNINITIALIZED_AUTOS = YES_AGGRESSIVE;
				GCC_WARN_UNUSED_FUNCTION = YES;
				GCC_WARN_UNUSED_VARIABLE = YES;
				INFOPLIST_FILE = "/Users/exzanimo/Documents/swift/projects/UI_Course8 (WebKit)/UI_Course8 (WebKit)/Info.plist";
				IPHONEOS_DEPLOYMENT_TARGET = 12.2;
				MTL_ENABLE_DEBUG_INFO = NO;
				MTL_FAST_MATH = YES;
				SDKROOT = iphoneos;
				SWIFT_COMPILATION_MODE = wholemodule;
				SWIFT_OPTIMIZATION_LEVEL = "-O";
				VALIDATE_PRODUCT = YES;
			};
			name = Release;
		};
		31573B7D228B36E4007D8AB9 /* Debug */ = {
			isa = XCBuildConfiguration;
			buildSettings = {
				ASSETCATALOG_COMPILER_APPICON_NAME = AppIcon;
				CODE_SIGN_STYLE = Automatic;
				DEVELOPMENT_TEAM = HWLUAMHNQZ;
				INFOPLIST_FILE = "UI_Course8 (WebKit)/Info.plist";
				LD_RUNPATH_SEARCH_PATHS = (
					"$(inherited)",
					"@executable_path/Frameworks",
				);
				PRODUCT_BUNDLE_IDENTIFIER = "exzaproject.UI-Course8--WebKit-";
				PRODUCT_NAME = "$(TARGET_NAME)";
				SWIFT_VERSION = 5.0;
				TARGETED_DEVICE_FAMILY = "1,2";
			};
			name = Debug;
		};
		31573B7E228B36E4007D8AB9 /* Release */ = {
			isa = XCBuildConfiguration;
			buildSettings = {
				ASSETCATALOG_COMPILER_APPICON_NAME = AppIcon;
				CODE_SIGN_STYLE = Automatic;
				DEVELOPMENT_TEAM = HWLUAMHNQZ;
				INFOPLIST_FILE = "UI_Course8 (WebKit)/Info.plist";
				LD_RUNPATH_SEARCH_PATHS = (
					"$(inherited)",
					"@executable_path/Frameworks",
				);
				PRODUCT_BUNDLE_IDENTIFIER = "exzaproject.UI-Course8--WebKit-";
				PRODUCT_NAME = "$(TARGET_NAME)";
				SWIFT_VERSION = 5.0;
				TARGETED_DEVICE_FAMILY = "1,2";
			};
			name = Release;
		};
/* End XCBuildConfiguration section */

/* Begin XCConfigurationList section */
		31573B65228B36E3007D8AB9 /* Build configuration list for PBXProject "UI_Course8 (WebKit)" */ = {
			isa = XCConfigurationList;
			buildConfigurations = (
				31573B7A228B36E4007D8AB9 /* Debug */,
				31573B7B228B36E4007D8AB9 /* Release */,
			);
			defaultConfigurationIsVisible = 0;
			defaultConfigurationName = Release;
		};
		31573B7C228B36E4007D8AB9 /* Build configuration list for PBXNativeTarget "UI_Course8 (WebKit)" */ = {
			isa = XCConfigurationList;
			buildConfigurations = (
				31573B7D228B36E4007D8AB9 /* Debug */,
				31573B7E228B36E4007D8AB9 /* Release */,
			);
			defaultConfigurationIsVisible = 0;
			defaultConfigurationName = Release;
		};
/* End XCConfigurationList section */
	};
	rootObject = 31573B62228B36E3007D8AB9 /* Project object */;
}
